{
  "version": 4,
  "terraform_version": "1.13.2",
  "serial": 17,
  "lineage": "fa840edd-9c9b-0af1-5d16-a9d7ad2a13c9",
  "outputs": {
    "cluster_id": {
      "value": "vedant-cluster",
      "type": "string"
    },
    "cluster_name": {
      "value": "vedant-cluster",
      "type": "string"
    },
    "node_group_id": {
      "value": "vedant-cluster:vedant-node-group",
      "type": "string"
    },
    "subnet_ids": {
      "value": [
        "subnet-0933b15195bb4d7c3",
        "subnet-0307936ab75f32e8e"
      ],
      "type": [
        "tuple",
        [
          "string",
          "string"
        ]
      ]
    },
    "vpc_id": {
      "value": "vpc-083cb6066fd9bfcd9",
      "type": "string"
    }
  },
  "resources": [
    {
      "mode": "managed",
      "type": "aws_eks_cluster",
      "name": "vedant",
      "provider": "provider[\"registry.terraform.io/hashicorp/aws\"]",
      "instances": [
        {
          "schema_version": 1,
          "attributes": {
            "access_config": [
              {
                "authentication_mode": "CONFIG_MAP",
                "bootstrap_cluster_creator_admin_permissions": true
              }
            ],
            "arn": "arn:aws:eks:ap-southeast-1:414691912957:cluster/vedant-cluster",
            "bootstrap_self_managed_addons": true,
            "certificate_authority": [
              {
                "data": "LS0tLS1CRUdJTiBDRVJUSUZJQ0FURS0tLS0tCk1JSURCVENDQWUyZ0F3SUJBZ0lJWjZveXFWRzRQbUV3RFFZSktvWklodmNOQVFFTEJRQXdGVEVUTUJFR0ExVUUKQXhNS2EzVmlaWEp1WlhSbGN6QWVGdzB5TlRBNU1UY3hNRE0wTUROYUZ3MHpOVEE1TVRVeE1ETTVNRE5hTUJVeApFekFSQmdOVkJBTVRDbXQxWW1WeWJtVjBaWE13Z2dFaU1BMEdDU3FHU0liM0RRRUJBUVVBQTRJQkR3QXdnZ0VLCkFvSUJBUURDakZWcHFLWlZobDN2bVI0UDdBVFhzcklpdXN1enp0b1JlQU0yUnQvd3ZyN0ZuSGVFRCttK25mVWIKakxaOEZFQTZpWDhXRmVkaUVOUWlqUGVwbTkrWHhpSVVYMGNYNkFuVEhERWlTWms1VExLY0c5aWpiWFZGOCtKYgphQ25SQ2dUSzZJZUdzRGNUYnBrTDUxcnk0Q01ZOEMwK3R4Ukg0UHQvdjE5SGdyNEZ2dExKdUxlQ0FsMVBSZHk4Ckd3S3lXb3pRM1dONi9mMjBsRU84MXljSkRQZnZaMVpMelRRajRhcU1MeWJYcVdBajNraWFKWU5kcGp6c3pZVTkKN1BPc2tZSHNvbUJ3eDd4c1dxU3JrWEVXbWFPWXJLU1hVN2ZBa3NMNTBEelZmUmxZaE1NWUhpQVhOSGFvN3JvbQpGTGpTczhFTDBNR3h3dFp2VEI2dUVGUXkzQTVsQWdNQkFBR2pXVEJYTUE0R0ExVWREd0VCL3dRRUF3SUNwREFQCkJnTlZIUk1CQWY4RUJUQURBUUgvTUIwR0ExVWREZ1FXQkJSVXN0UllLSlh5bk5Nekc0VnhjY1NvVHd0MWZqQVYKQmdOVkhSRUVEakFNZ2dwcmRXSmxjbTVsZEdWek1BMEdDU3FHU0liM0RRRUJDd1VBQTRJQkFRQXBYV1AvSk5ldgo3eDR4cWtwMkx5SlA3MXV0MUJTb3l1MjBBdkNya3ZEZXVZUlpZRkxRU0NmOG4zNnBUNEFlOXF6dUZYQ0ZjYkRqCmIvTEc3RkZUY2RFZ054NjV1NkJjSXBHcDhVQTBYcGFGOWsrbzBFTlJvRVN1UFIzeUxtdEVFVGwwZzdkcDNScUoKUnpXWER2VDU1aEp1U2hrY1EybTZUeDhIMktLU1VkZTJ2ZFhqVVBCVTJmQ2lYcDl4RDk0bjUrOTYxM0xLMU1JZQpnY0k0WjNWZ0J4eGRLcVBiL1B0dEs5bkRYeTdyTDJDWXNvcUxDbGVDZnJQaW9UckJmODZHckhIbUd5WUVXN1hFCm5BeXNNeUhramRldTc0empRcjUzREgrODVXNk5TYk9aQmxtd0dpMGVlUm9peXBKVnVKLzFJYkVyS1JJOFAza3oKN1FXMi9lQnJBbTVPCi0tLS0tRU5EIENFUlRJRklDQVRFLS0tLS0K"
              }
            ],
            "cluster_id": null,
            "compute_config": [],
            "created_at": "2025-09-17T10:34:01Z",
            "deletion_protection": false,
            "enabled_cluster_log_types": null,
            "encryption_config": [],
            "endpoint": "https://8D0AB5914C7142F49104905CD8133A93.gr7.ap-southeast-1.eks.amazonaws.com",
            "force_update_version": null,
            "id": "vedant-cluster",
            "identity": [
              {
                "oidc": [
                  {
                    "issuer": "https://oidc.eks.ap-southeast-1.amazonaws.com/id/8D0AB5914C7142F49104905CD8133A93"
                  }
                ]
              }
            ],
            "kubernetes_network_config": [
              {
                "elastic_load_balancing": [
                  {
                    "enabled": false
                  }
                ],
                "ip_family": "ipv4",
                "service_ipv4_cidr": "172.20.0.0/16",
                "service_ipv6_cidr": ""
              }
            ],
            "name": "vedant-cluster",
            "outpost_config": [],
            "platform_version": "eks.14",
            "region": "ap-southeast-1",
            "remote_network_config": [],
            "role_arn": "arn:aws:iam::414691912957:role/vedant-cluster-role",
            "status": "ACTIVE",
            "storage_config": [],
            "tags": null,
            "tags_all": {},
            "timeouts": null,
            "upgrade_policy": [
              {
                "support_type": "EXTENDED"
              }
            ],
            "version": "1.33",
            "vpc_config": [
              {
                "cluster_security_group_id": "sg-09c8db89cbc548e6d",
                "endpoint_private_access": false,
                "endpoint_public_access": true,
                "public_access_cidrs": [
                  "0.0.0.0/0"
                ],
                "security_group_ids": [
                  "sg-07fea63cfb9ca319c"
                ],
                "subnet_ids": [
                  "subnet-0307936ab75f32e8e",
                  "subnet-0933b15195bb4d7c3"
                ],
                "vpc_id": "vpc-083cb6066fd9bfcd9"
              }
            ],
            "zonal_shift_config": []
          },
          "sensitive_attributes": [],
          "identity_schema_version": 0,
          "private": "eyJlMmJmYjczMC1lY2FhLTExZTYtOGY4OC0zNDM2M2JjN2M0YzAiOnsiY3JlYXRlIjoxODAwMDAwMDAwMDAwLCJkZWxldGUiOjkwMDAwMDAwMDAwMCwidXBkYXRlIjozNjAwMDAwMDAwMDAwfSwic2NoZW1hX3ZlcnNpb24iOiIxIn0=",
          "dependencies": [
            "aws_iam_role.vedant_cluster_role",
            "aws_iam_role_policy_attachment.vedant_cluster_role_policy",
            "aws_security_group.vedant_cluster_sg",
            "aws_subnet.vedant_subnet",
            "aws_vpc.vedant_vpc"
          ]
        }
      ]
    },
    {
      "mode": "managed",
      "type": "aws_eks_node_group",
      "name": "vedant",
      "provider": "provider[\"registry.terraform.io/hashicorp/aws\"]",
      "instances": [
        {
          "schema_version": 0,
          "attributes": {
            "ami_type": "AL2023_x86_64_STANDARD",
            "arn": "arn:aws:eks:ap-southeast-1:414691912957:nodegroup/vedant-cluster/vedant-node-group/46ccaba1-a5d6-b305-9b42-1b93d0319bfe",
            "capacity_type": "ON_DEMAND",
            "cluster_name": "vedant-cluster",
            "disk_size": 20,
            "force_update_version": null,
            "id": "vedant-cluster:vedant-node-group",
            "instance_types": [
              "t3.small"
            ],
            "labels": null,
            "launch_template": [],
            "node_group_name": "vedant-node-group",
            "node_group_name_prefix": "",
            "node_repair_config": [],
            "node_role_arn": "arn:aws:iam::414691912957:role/vedant-node-group-role",
            "region": "ap-southeast-1",
            "release_version": "1.33.4-20250904",
            "remote_access": [
              {
                "ec2_ssh_key": "vedantkey",
                "source_security_group_ids": [
                  "sg-03eade90d694f0701"
                ]
              }
            ],
            "resources": [
              {
                "autoscaling_groups": [
                  {
                    "name": "eks-vedant-node-group-46ccaba1-a5d6-b305-9b42-1b93d0319bfe"
                  }
                ],
                "remote_access_security_group_id": "sg-014daf25721e51d8b"
              }
            ],
            "scaling_config": [
              {
                "desired_size": 3,
                "max_size": 3,
                "min_size": 3
              }
            ],
            "status": "ACTIVE",
            "subnet_ids": [
              "subnet-0307936ab75f32e8e",
              "subnet-0933b15195bb4d7c3"
            ],
            "tags": null,
            "tags_all": {},
            "taint": [],
            "timeouts": null,
            "update_config": [
              {
                "max_unavailable": 1,
                "max_unavailable_percentage": 0
              }
            ],
            "version": "1.33"
          },
          "sensitive_attributes": [],
          "identity_schema_version": 0,
          "private": "eyJlMmJmYjczMC1lY2FhLTExZTYtOGY4OC0zNDM2M2JjN2M0YzAiOnsiY3JlYXRlIjozNjAwMDAwMDAwMDAwLCJkZWxldGUiOjM2MDAwMDAwMDAwMDAsInVwZGF0ZSI6MzYwMDAwMDAwMDAwMH19",
          "dependencies": [
            "aws_eks_cluster.vedant",
            "aws_iam_role.vedant_cluster_role",
            "aws_iam_role.vedant_node_group_role",
            "aws_iam_role_policy_attachment.vedant_cluster_role_policy",
            "aws_iam_role_policy_attachment.vedant_node_group_cni_policy",
            "aws_iam_role_policy_attachment.vedant_node_group_registry_policy",
            "aws_iam_role_policy_attachment.vedant_node_group_role_policy",
            "aws_security_group.vedant_cluster_sg",
            "aws_security_group.vedant_node_sg",
            "aws_subnet.vedant_subnet",
            "aws_vpc.vedant_vpc"
          ]
        }
      ]
    },
    {
      "mode": "managed",
      "type": "aws_iam_role",
      "name": "vedant_cluster_role",
      "provider": "provider[\"registry.terraform.io/hashicorp/aws\"]",
      "instances": [
        {
          "schema_version": 0,
          "attributes": {
            "arn": "arn:aws:iam::414691912957:role/vedant-cluster-role",
            "assume_role_policy": "{\"Statement\":[{\"Action\":\"sts:AssumeRole\",\"Effect\":\"Allow\",\"Principal\":{\"Service\":\"eks.amazonaws.com\"}}],\"Version\":\"2012-10-17\"}",
            "create_date": "2025-09-17T10:33:43Z",
            "description": "",
            "force_detach_policies": false,
            "id": "vedant-cluster-role",
            "inline_policy": [],
            "managed_policy_arns": [],
            "max_session_duration": 3600,
            "name": "vedant-cluster-role",
            "name_prefix": "",
            "path": "/",
            "permissions_boundary": "",
            "tags": null,
            "tags_all": {},
            "unique_id": "AROAWBDMQNT63CBDOAG2V"
          },
          "sensitive_attributes": [],
          "identity_schema_version": 0,
          "identity": {
            "account_id": "414691912957",
            "name": "vedant-cluster-role"
          },
          "private": "bnVsbA=="
        }
      ]
    },
    {
      "mode": "managed",
      "type": "aws_iam_role",
      "name": "vedant_node_group_role",
      "provider": "provider[\"registry.terraform.io/hashicorp/aws\"]",
      "instances": [
        {
          "schema_version": 0,
          "attributes": {
            "arn": "arn:aws:iam::414691912957:role/vedant-node-group-role",
            "assume_role_policy": "{\"Statement\":[{\"Action\":\"sts:AssumeRole\",\"Effect\":\"Allow\",\"Principal\":{\"Service\":\"ec2.amazonaws.com\"}}],\"Version\":\"2012-10-17\"}",
            "create_date": "2025-09-17T10:33:43Z",
            "description": "",
            "force_detach_policies": false,
            "id": "vedant-node-group-role",
            "inline_policy": [],
            "managed_policy_arns": [],
            "max_session_duration": 3600,
            "name": "vedant-node-group-role",
            "name_prefix": "",
            "path": "/",
            "permissions_boundary": "",
            "tags": null,
            "tags_all": {},
            "unique_id": "AROAWBDMQNT6ZXNMZQUVI"
          },
          "sensitive_attributes": [],
          "identity_schema_version": 0,
          "identity": {
            "account_id": "414691912957",
            "name": "vedant-node-group-role"
          },
          "private": "bnVsbA=="
        }
      ]
    },
    {
      "mode": "managed",
      "type": "aws_iam_role_policy_attachment",
      "name": "vedant_cluster_role_policy",
      "provider": "provider[\"registry.terraform.io/hashicorp/aws\"]",
      "instances": [
        {
          "schema_version": 0,
          "attributes": {
            "id": "vedant-cluster-role/arn:aws:iam::aws:policy/AmazonEKSClusterPolicy",
            "policy_arn": "arn:aws:iam::aws:policy/AmazonEKSClusterPolicy",
            "role": "vedant-cluster-role"
          },
          "sensitive_attributes": [],
          "identity_schema_version": 0,
          "identity": {
            "account_id": "414691912957",
            "policy_arn": "arn:aws:iam::aws:policy/AmazonEKSClusterPolicy",
            "role": "vedant-cluster-role"
          },
          "private": "bnVsbA==",
          "dependencies": [
            "aws_iam_role.vedant_cluster_role"
          ]
        }
      ]
    },
    {
      "mode": "managed",
      "type": "aws_iam_role_policy_attachment",
      "name": "vedant_node_group_cni_policy",
      "provider": "provider[\"registry.terraform.io/hashicorp/aws\"]",
      "instances": [
        {
          "schema_version": 0,
          "attributes": {
            "id": "vedant-node-group-role/arn:aws:iam::aws:policy/AmazonEKS_CNI_Policy",
            "policy_arn": "arn:aws:iam::aws:policy/AmazonEKS_CNI_Policy",
            "role": "vedant-node-group-role"
          },
          "sensitive_attributes": [],
          "identity_schema_version": 0,
          "identity": {
            "account_id": "414691912957",
            "policy_arn": "arn:aws:iam::aws:policy/AmazonEKS_CNI_Policy",
            "role": "vedant-node-group-role"
          },
          "private": "bnVsbA==",
          "dependencies": [
            "aws_iam_role.vedant_node_group_role"
          ]
        }
      ]
    },
    {
      "mode": "managed",
      "type": "aws_iam_role_policy_attachment",
      "name": "vedant_node_group_registry_policy",
      "provider": "provider[\"registry.terraform.io/hashicorp/aws\"]",
      "instances": [
        {
          "schema_version": 0,
          "attributes": {
            "id": "vedant-node-group-role/arn:aws:iam::aws:policy/AmazonEC2ContainerRegistryReadOnly",
            "policy_arn": "arn:aws:iam::aws:policy/AmazonEC2ContainerRegistryReadOnly",
            "role": "vedant-node-group-role"
          },
          "sensitive_attributes": [],
          "identity_schema_version": 0,
          "identity": {
            "account_id": "414691912957",
            "policy_arn": "arn:aws:iam::aws:policy/AmazonEC2ContainerRegistryReadOnly",
            "role": "vedant-node-group-role"
          },
          "private": "bnVsbA==",
          "dependencies": [
            "aws_iam_role.vedant_node_group_role"
          ]
        }
      ]
    },
    {
      "mode": "managed",
      "type": "aws_iam_role_policy_attachment",
      "name": "vedant_node_group_role_policy",
      "provider": "provider[\"registry.terraform.io/hashicorp/aws\"]",
      "instances": [
        {
          "schema_version": 0,
          "attributes": {
            "id": "vedant-node-group-role/arn:aws:iam::aws:policy/AmazonEKSWorkerNodePolicy",
            "policy_arn": "arn:aws:iam::aws:policy/AmazonEKSWorkerNodePolicy",
            "role": "vedant-node-group-role"
          },
          "sensitive_attributes": [],
          "identity_schema_version": 0,
          "identity": {
            "account_id": "414691912957",
            "policy_arn": "arn:aws:iam::aws:policy/AmazonEKSWorkerNodePolicy",
            "role": "vedant-node-group-role"
          },
          "private": "bnVsbA==",
          "dependencies": [
            "aws_iam_role.vedant_node_group_role"
          ]
        }
      ]
    },
    {
      "mode": "managed",
      "type": "aws_internet_gateway",
      "name": "vedant_igw",
      "provider": "provider[\"registry.terraform.io/hashicorp/aws\"]",
      "instances": [
        {
          "schema_version": 0,
          "attributes": {
            "arn": "arn:aws:ec2:ap-southeast-1:414691912957:internet-gateway/igw-090c92abc43215c63",
            "id": "igw-090c92abc43215c63",
            "owner_id": "414691912957",
            "region": "ap-southeast-1",
            "tags": {
              "Name": "vedant-igw"
            },
            "tags_all": {
              "Name": "vedant-igw"
            },
            "timeouts": null,
            "vpc_id": "vpc-083cb6066fd9bfcd9"
          },
          "sensitive_attributes": [],
          "identity_schema_version": 0,
          "private": "eyJlMmJmYjczMC1lY2FhLTExZTYtOGY4OC0zNDM2M2JjN2M0YzAiOnsiY3JlYXRlIjoxMjAwMDAwMDAwMDAwLCJkZWxldGUiOjEyMDAwMDAwMDAwMDAsInVwZGF0ZSI6MTIwMDAwMDAwMDAwMH19",
          "dependencies": [
            "aws_vpc.vedant_vpc"
          ]
        }
      ]
    },
    {
      "mode": "managed",
      "type": "aws_route_table",
      "name": "vedant_route_table",
      "provider": "provider[\"registry.terraform.io/hashicorp/aws\"]",
      "instances": [
        {
          "schema_version": 0,
          "attributes": {
            "arn": "arn:aws:ec2:ap-southeast-1:414691912957:route-table/rtb-0d16d760c3998f761",
            "id": "rtb-0d16d760c3998f761",
            "owner_id": "414691912957",
            "propagating_vgws": [],
            "region": "ap-southeast-1",
            "route": [
              {
                "carrier_gateway_id": "",
                "cidr_block": "0.0.0.0/0",
                "core_network_arn": "",
                "destination_prefix_list_id": "",
                "egress_only_gateway_id": "",
                "gateway_id": "igw-090c92abc43215c63",
                "ipv6_cidr_block": "",
                "local_gateway_id": "",
                "nat_gateway_id": "",
                "network_interface_id": "",
                "transit_gateway_id": "",
                "vpc_endpoint_id": "",
                "vpc_peering_connection_id": ""
              }
            ],
            "tags": {
              "Name": "vedant-route-table"
            },
            "tags_all": {
              "Name": "vedant-route-table"
            },
            "timeouts": null,
            "vpc_id": "vpc-083cb6066fd9bfcd9"
          },
          "sensitive_attributes": [],
          "identity_schema_version": 0,
          "identity": {
            "account_id": "414691912957",
            "id": "rtb-0d16d760c3998f761",
            "region": "ap-southeast-1"
          },
          "private": "eyJlMmJmYjczMC1lY2FhLTExZTYtOGY4OC0zNDM2M2JjN2M0YzAiOnsiY3JlYXRlIjozMDAwMDAwMDAwMDAsImRlbGV0ZSI6MzAwMDAwMDAwMDAwLCJ1cGRhdGUiOjEyMDAwMDAwMDAwMH19",
          "dependencies": [
            "aws_internet_gateway.vedant_igw",
            "aws_vpc.vedant_vpc"
          ]
        }
      ]
    },
    {
      "mode": "managed",
      "type": "aws_route_table_association",
      "name": "vedant_rt_assoc",
      "provider": "provider[\"registry.terraform.io/hashicorp/aws\"]",
      "instances": [
        {
          "index_key": 0,
          "schema_version": 0,
          "attributes": {
            "gateway_id": "",
            "id": "rtbassoc-03327d8ae37ef30fe",
            "region": "ap-southeast-1",
            "route_table_id": "rtb-0d16d760c3998f761",
            "subnet_id": "subnet-0933b15195bb4d7c3",
            "timeouts": null
          },
          "sensitive_attributes": [],
          "identity_schema_version": 0,
          "private": "eyJlMmJmYjczMC1lY2FhLTExZTYtOGY4OC0zNDM2M2JjN2M0YzAiOnsiY3JlYXRlIjozMDAwMDAwMDAwMDAsImRlbGV0ZSI6MzAwMDAwMDAwMDAwLCJ1cGRhdGUiOjEyMDAwMDAwMDAwMH19",
          "dependencies": [
            "aws_internet_gateway.vedant_igw",
            "aws_route_table.vedant_route_table",
            "aws_subnet.vedant_subnet",
            "aws_vpc.vedant_vpc"
          ]
        },
        {
          "index_key": 1,
          "schema_version": 0,
          "attributes": {
            "gateway_id": "",
            "id": "rtbassoc-073706d01dc1f9e56",
            "region": "ap-southeast-1",
            "route_table_id": "rtb-0d16d760c3998f761",
            "subnet_id": "subnet-0307936ab75f32e8e",
            "timeouts": null
          },
          "sensitive_attributes": [],
          "identity_schema_version": 0,
          "private": "eyJlMmJmYjczMC1lY2FhLTExZTYtOGY4OC0zNDM2M2JjN2M0YzAiOnsiY3JlYXRlIjozMDAwMDAwMDAwMDAsImRlbGV0ZSI6MzAwMDAwMDAwMDAwLCJ1cGRhdGUiOjEyMDAwMDAwMDAwMH19",
          "dependencies": [
            "aws_internet_gateway.vedant_igw",
            "aws_route_table.vedant_route_table",
            "aws_subnet.vedant_subnet",
            "aws_vpc.vedant_vpc"
          ]
        }
      ]
    },
    {
      "mode": "managed",
      "type": "aws_security_group",
      "name": "vedant_cluster_sg",
      "provider": "provider[\"registry.terraform.io/hashicorp/aws\"]",
      "instances": [
        {
          "schema_version": 1,
          "attributes": {
            "arn": "arn:aws:ec2:ap-southeast-1:414691912957:security-group/sg-07fea63cfb9ca319c",
            "description": "Cluster control-plane SG - egress open",
            "egress": [
              {
                "cidr_blocks": [
                  "0.0.0.0/0"
                ],
                "description": "",
                "from_port": 0,
                "ipv6_cidr_blocks": [],
                "prefix_list_ids": [],
                "protocol": "-1",
                "security_groups": [],
                "self": false,
                "to_port": 0
              }
            ],
            "id": "sg-07fea63cfb9ca319c",
            "ingress": [],
            "name": "vedant-cluster-sg",
            "name_prefix": "",
            "owner_id": "414691912957",
            "region": "ap-southeast-1",
            "revoke_rules_on_delete": false,
            "tags": {
              "Name": "vedant-cluster-sg"
            },
            "tags_all": {
              "Name": "vedant-cluster-sg"
            },
            "timeouts": null,
            "vpc_id": "vpc-083cb6066fd9bfcd9"
          },
          "sensitive_attributes": [],
          "identity_schema_version": 0,
          "identity": {
            "account_id": "414691912957",
            "id": "sg-07fea63cfb9ca319c",
            "region": "ap-southeast-1"
          },
          "private": "eyJlMmJmYjczMC1lY2FhLTExZTYtOGY4OC0zNDM2M2JjN2M0YzAiOnsiY3JlYXRlIjo2MDAwMDAwMDAwMDAsImRlbGV0ZSI6OTAwMDAwMDAwMDAwfSwic2NoZW1hX3ZlcnNpb24iOiIxIn0=",
          "dependencies": [
            "aws_vpc.vedant_vpc"
          ]
        }
      ]
    },
    {
      "mode": "managed",
      "type": "aws_security_group",
      "name": "vedant_node_sg",
      "provider": "provider[\"registry.terraform.io/hashicorp/aws\"]",
      "instances": [
        {
          "schema_version": 1,
          "attributes": {
            "arn": "arn:aws:ec2:ap-southeast-1:414691912957:security-group/sg-03eade90d694f0701",
            "description": "Node group SG - all traffic (adjust for production)",
            "egress": [
              {
                "cidr_blocks": [
                  "0.0.0.0/0"
                ],
                "description": "",
                "from_port": 0,
                "ipv6_cidr_blocks": [],
                "prefix_list_ids": [],
                "protocol": "-1",
                "security_groups": [],
                "self": false,
                "to_port": 0
              }
            ],
            "id": "sg-03eade90d694f0701",
            "ingress": [
              {
                "cidr_blocks": [
                  "0.0.0.0/0"
                ],
                "description": "",
                "from_port": 0,
                "ipv6_cidr_blocks": [],
                "prefix_list_ids": [],
                "protocol": "-1",
                "security_groups": [],
                "self": false,
                "to_port": 0
              }
            ],
            "name": "vedant-node-sg",
            "name_prefix": "",
            "owner_id": "414691912957",
            "region": "ap-southeast-1",
            "revoke_rules_on_delete": false,
            "tags": {
              "Name": "vedant-node-sg"
            },
            "tags_all": {
              "Name": "vedant-node-sg"
            },
            "timeouts": null,
            "vpc_id": "vpc-083cb6066fd9bfcd9"
          },
          "sensitive_attributes": [],
          "identity_schema_version": 0,
          "identity": {
            "account_id": "414691912957",
            "id": "sg-03eade90d694f0701",
            "region": "ap-southeast-1"
          },
          "private": "eyJlMmJmYjczMC1lY2FhLTExZTYtOGY4OC0zNDM2M2JjN2M0YzAiOnsiY3JlYXRlIjo2MDAwMDAwMDAwMDAsImRlbGV0ZSI6OTAwMDAwMDAwMDAwfSwic2NoZW1hX3ZlcnNpb24iOiIxIn0=",
          "dependencies": [
            "aws_vpc.vedant_vpc"
          ]
        }
      ]
    },
    {
      "mode": "managed",
      "type": "aws_subnet",
      "name": "vedant_subnet",
      "provider": "provider[\"registry.terraform.io/hashicorp/aws\"]",
      "instances": [
        {
          "index_key": 0,
          "schema_version": 1,
          "attributes": {
            "arn": "arn:aws:ec2:ap-southeast-1:414691912957:subnet/subnet-0933b15195bb4d7c3",
            "assign_ipv6_address_on_creation": false,
            "availability_zone": "ap-southeast-1a",
            "availability_zone_id": "apse1-az2",
            "cidr_block": "10.0.0.0/24",
            "customer_owned_ipv4_pool": "",
            "enable_dns64": false,
            "enable_lni_at_device_index": 0,
            "enable_resource_name_dns_a_record_on_launch": false,
            "enable_resource_name_dns_aaaa_record_on_launch": false,
            "id": "subnet-0933b15195bb4d7c3",
            "ipv6_cidr_block": "",
            "ipv6_cidr_block_association_id": "",
            "ipv6_native": false,
            "map_customer_owned_ip_on_launch": false,
            "map_public_ip_on_launch": true,
            "outpost_arn": "",
            "owner_id": "414691912957",
            "private_dns_hostname_type_on_launch": "ip-name",
            "region": "ap-southeast-1",
            "tags": {
              "Name": "vedant-subnet-0"
            },
            "tags_all": {
              "Name": "vedant-subnet-0"
            },
            "timeouts": null,
            "vpc_id": "vpc-083cb6066fd9bfcd9"
          },
          "sensitive_attributes": [],
          "identity_schema_version": 0,
          "identity": {
            "account_id": "414691912957",
            "id": "subnet-0933b15195bb4d7c3",
            "region": "ap-southeast-1"
          },
          "private": "eyJlMmJmYjczMC1lY2FhLTExZTYtOGY4OC0zNDM2M2JjN2M0YzAiOnsiY3JlYXRlIjo2MDAwMDAwMDAwMDAsImRlbGV0ZSI6MTIwMDAwMDAwMDAwMH0sInNjaGVtYV92ZXJzaW9uIjoiMSJ9",
          "dependencies": [
            "aws_vpc.vedant_vpc"
          ]
        },
        {
          "index_key": 1,
          "schema_version": 1,
          "attributes": {
            "arn": "arn:aws:ec2:ap-southeast-1:414691912957:subnet/subnet-0307936ab75f32e8e",
            "assign_ipv6_address_on_creation": false,
            "availability_zone": "ap-southeast-1b",
            "availability_zone_id": "apse1-az1",
            "cidr_block": "10.0.1.0/24",
            "customer_owned_ipv4_pool": "",
            "enable_dns64": false,
            "enable_lni_at_device_index": 0,
            "enable_resource_name_dns_a_record_on_launch": false,
            "enable_resource_name_dns_aaaa_record_on_launch": false,
            "id": "subnet-0307936ab75f32e8e",
            "ipv6_cidr_block": "",
            "ipv6_cidr_block_association_id": "",
            "ipv6_native": false,
            "map_customer_owned_ip_on_launch": false,
            "map_public_ip_on_launch": true,
            "outpost_arn": "",
            "owner_id": "414691912957",
            "private_dns_hostname_type_on_launch": "ip-name",
            "region": "ap-southeast-1",
            "tags": {
              "Name": "vedant-subnet-1"
            },
            "tags_all": {
              "Name": "vedant-subnet-1"
            },
            "timeouts": null,
            "vpc_id": "vpc-083cb6066fd9bfcd9"
          },
          "sensitive_attributes": [],
          "identity_schema_version": 0,
          "identity": {
            "account_id": "414691912957",
            "id": "subnet-0307936ab75f32e8e",
            "region": "ap-southeast-1"
          },
          "private": "eyJlMmJmYjczMC1lY2FhLTExZTYtOGY4OC0zNDM2M2JjN2M0YzAiOnsiY3JlYXRlIjo2MDAwMDAwMDAwMDAsImRlbGV0ZSI6MTIwMDAwMDAwMDAwMH0sInNjaGVtYV92ZXJzaW9uIjoiMSJ9",
          "dependencies": [
            "aws_vpc.vedant_vpc"
          ]
        }
      ]
    },
    {
      "mode": "managed",
      "type": "aws_vpc",
      "name": "vedant_vpc",
      "provider": "provider[\"registry.terraform.io/hashicorp/aws\"]",
      "instances": [
        {
          "schema_version": 1,
          "attributes": {
            "arn": "arn:aws:ec2:ap-southeast-1:414691912957:vpc/vpc-083cb6066fd9bfcd9",
            "assign_generated_ipv6_cidr_block": false,
            "cidr_block": "10.0.0.0/16",
            "default_network_acl_id": "acl-07092e859163a6b49",
            "default_route_table_id": "rtb-06625b03f72a4eff3",
            "default_security_group_id": "sg-0a1a8bc6477f2806e",
            "dhcp_options_id": "dopt-04e7e0b0ebbbef231",
            "enable_dns_hostnames": false,
            "enable_dns_support": true,
            "enable_network_address_usage_metrics": false,
            "id": "vpc-083cb6066fd9bfcd9",
            "instance_tenancy": "default",
            "ipv4_ipam_pool_id": null,
            "ipv4_netmask_length": null,
            "ipv6_association_id": "",
            "ipv6_cidr_block": "",
            "ipv6_cidr_block_network_border_group": "",
            "ipv6_ipam_pool_id": "",
            "ipv6_netmask_length": 0,
            "main_route_table_id": "rtb-06625b03f72a4eff3",
            "owner_id": "414691912957",
            "region": "ap-southeast-1",
            "tags": {
              "Name": "vedant-vpc"
            },
            "tags_all": {
              "Name": "vedant-vpc"
            }
          },
          "sensitive_attributes": [],
          "identity_schema_version": 0,
          "private": "eyJzY2hlbWFfdmVyc2lvbiI6IjEifQ=="
        }
      ]
    }
  ],
  "check_results": null
}
