{
  "version": 4,
  "terraform_version": "1.13.2",
  "serial": 53,
  "lineage": "fa840edd-9c9b-0af1-5d16-a9d7ad2a13c9",
  "outputs": {
    "cluster_id": {
      "value": "vedant-cluster",
      "type": "string"
    },
    "cluster_name": {
      "value": "vedant-cluster",
      "type": "string"
    },
    "node_group_id": {
      "value": "vedant-cluster:vedant-node-group",
      "type": "string"
    },
    "subnet_ids": {
      "value": [
        "subnet-06883a2e3837b1f34",
        "subnet-0ca5244ded15476d0"
      ],
      "type": [
        "tuple",
        [
          "string",
          "string"
        ]
      ]
    },
    "vpc_id": {
      "value": "vpc-08bb09a1a10ddb481",
      "type": "string"
    }
  },
  "resources": [
    {
      "mode": "managed",
      "type": "aws_eks_cluster",
      "name": "vedant",
      "provider": "provider[\"registry.terraform.io/hashicorp/aws\"]",
      "instances": [
        {
          "schema_version": 1,
          "attributes": {
            "access_config": [
              {
                "authentication_mode": "CONFIG_MAP",
                "bootstrap_cluster_creator_admin_permissions": true
              }
            ],
            "arn": "arn:aws:eks:ap-southeast-1:414691912957:cluster/vedant-cluster",
            "bootstrap_self_managed_addons": true,
            "certificate_authority": [
              {
                "data": "LS0tLS1CRUdJTiBDRVJUSUZJQ0FURS0tLS0tCk1JSURCVENDQWUyZ0F3SUJBZ0lJVkg5VjJOL1NNNjB3RFFZSktvWklodmNOQVFFTEJRQXdGVEVUTUJFR0ExVUUKQXhNS2EzVmlaWEp1WlhSbGN6QWVGdzB5TlRBNU1UZ3hOekV3TkRGYUZ3MHpOVEE1TVRZeE56RTFOREZhTUJVeApFekFSQmdOVkJBTVRDbXQxWW1WeWJtVjBaWE13Z2dFaU1BMEdDU3FHU0liM0RRRUJBUVVBQTRJQkR3QXdnZ0VLCkFvSUJBUUMza1BKeDNMWFhsSE82UFVGSUxPL0pDQjYyQUQyd1d5N1d3K3p5UElMZUJKb3hFZ1paeTUyTGZnaTcKQWFxYUc0WnZkbFo1SFZCWTk3dTFzQ3IvdHBkNXMrZjFQcTN3OVdROVZZT2FXdHFkR21yR09yL3BvOWhlNk41Mgp3S1BhNWhjSkRBcVV1aGRWWld3MzlGcjdtK1RDakMyMHN2M0VwTHoyRW90K0NoaHR1RTFhZHA1d3FEOTl4ZDljCi9seDh0elc1My9ESlBpaHFHNjdKdUhPYk82Y3ZtTGtDejc2L2FDRTJkR1BCb3RIL21VVktjb0xCb29hYWxsaW4KTTFzQUVaL29LT3g5TkE5QzRKdWltNi9aWVhMVVl0cUZRVGY1a053OWhnSXZxR1VjWWRqSHRJdDBRNkYwRU9QRApwOXNabEFvSW93akdNM2dpOUZqRWJzTVM1TUcvQWdNQkFBR2pXVEJYTUE0R0ExVWREd0VCL3dRRUF3SUNwREFQCkJnTlZIUk1CQWY4RUJUQURBUUgvTUIwR0ExVWREZ1FXQkJSWDlIQ3hxRE9OVnRtbUt1bW8xa1g2OUQzdHlUQVYKQmdOVkhSRUVEakFNZ2dwcmRXSmxjbTVsZEdWek1BMEdDU3FHU0liM0RRRUJDd1VBQTRJQkFRQ3hWQmxXQTd5YgpXS0dlMHhTNkJmNmNVMENmeGlGZjRPTlpSWUJkMEtNQUlRVEw3azBpOEtGWDMrTHJSdWtuQ1dTTGNETlVEUG5NCjEwVW9RTnJFWEI3Y3BRdFJwZXl4UHhpVGdaRjk5d1UvZEgrN3BRSVBGTGRzWmZpUk5RTEREVTdnMGZFUXRzVW8KREg4ME1UOVBHU1ZFTmhEeFozdFlGS3F6Y1BtNmJUTzc4Q2Y2Z1V5N29sTUxnMy9BNW90amU1SEV1M05yNnhubgpUWlR0bm12V2lwalBhTVFjU3granB6MmFSUTNEdVEvVU85QzhOK3JYQ1NFMWszQlZqWWdIU3ZVdXBJUlNyTEJnCisrNGlaY25zNkdkQ1h5dG5adXhnUmZmY251NklKWG9uS1h6UitPRmIrd0RHVnFaNjk1Y1VlaUIzamRNMWJTS1AKTjVsWXNoL1AwdFkwCi0tLS0tRU5EIENFUlRJRklDQVRFLS0tLS0K"
              }
            ],
            "cluster_id": null,
            "compute_config": [],
            "created_at": "2025-09-18T17:10:20Z",
            "deletion_protection": false,
            "enabled_cluster_log_types": null,
            "encryption_config": [],
            "endpoint": "https://BEA5A5EAE59606FBA4FC8637B3C6D04A.gr7.ap-southeast-1.eks.amazonaws.com",
            "force_update_version": null,
            "id": "vedant-cluster",
            "identity": [
              {
                "oidc": [
                  {
                    "issuer": "https://oidc.eks.ap-southeast-1.amazonaws.com/id/BEA5A5EAE59606FBA4FC8637B3C6D04A"
                  }
                ]
              }
            ],
            "kubernetes_network_config": [
              {
                "elastic_load_balancing": [
                  {
                    "enabled": false
                  }
                ],
                "ip_family": "ipv4",
                "service_ipv4_cidr": "172.20.0.0/16",
                "service_ipv6_cidr": ""
              }
            ],
            "name": "vedant-cluster",
            "outpost_config": [],
            "platform_version": "eks.14",
            "region": "ap-southeast-1",
            "remote_network_config": [],
            "role_arn": "arn:aws:iam::414691912957:role/vedant-cluster-role",
            "status": "ACTIVE",
            "storage_config": [],
            "tags": null,
            "tags_all": {},
            "timeouts": null,
            "upgrade_policy": [
              {
                "support_type": "EXTENDED"
              }
            ],
            "version": "1.33",
            "vpc_config": [
              {
                "cluster_security_group_id": "sg-0a3cbe8786ba52cdf",
                "endpoint_private_access": false,
                "endpoint_public_access": true,
                "public_access_cidrs": [
                  "0.0.0.0/0"
                ],
                "security_group_ids": [
                  "sg-08f38f7809b5b254a"
                ],
                "subnet_ids": [
                  "subnet-06883a2e3837b1f34",
                  "subnet-0ca5244ded15476d0"
                ],
                "vpc_id": "vpc-08bb09a1a10ddb481"
              }
            ],
            "zonal_shift_config": []
          },
          "sensitive_attributes": [],
          "identity_schema_version": 0,
          "private": "eyJlMmJmYjczMC1lY2FhLTExZTYtOGY4OC0zNDM2M2JjN2M0YzAiOnsiY3JlYXRlIjoxODAwMDAwMDAwMDAwLCJkZWxldGUiOjkwMDAwMDAwMDAwMCwidXBkYXRlIjozNjAwMDAwMDAwMDAwfSwic2NoZW1hX3ZlcnNpb24iOiIxIn0=",
          "dependencies": [
            "aws_iam_role.vedant_cluster_role",
            "aws_iam_role_policy_attachment.vedant_cluster_role_policy",
            "aws_security_group.vedant_cluster_sg",
            "aws_subnet.vedant_subnet",
            "aws_vpc.vedant_vpc"
          ]
        }
      ]
    },
    {
      "mode": "managed",
      "type": "aws_eks_node_group",
      "name": "vedant",
      "provider": "provider[\"registry.terraform.io/hashicorp/aws\"]",
      "instances": [
        {
          "schema_version": 0,
          "attributes": {
            "ami_type": "AL2023_x86_64_STANDARD",
            "arn": "arn:aws:eks:ap-southeast-1:414691912957:nodegroup/vedant-cluster/vedant-node-group/94ccaeea-a130-d20c-b157-67710d1c08a7",
            "capacity_type": "ON_DEMAND",
            "cluster_name": "vedant-cluster",
            "disk_size": 20,
            "force_update_version": null,
            "id": "vedant-cluster:vedant-node-group",
            "instance_types": [
              "t3.small"
            ],
            "labels": null,
            "launch_template": [],
            "node_group_name": "vedant-node-group",
            "node_group_name_prefix": "",
            "node_repair_config": [],
            "node_role_arn": "arn:aws:iam::414691912957:role/vedant-node-group-role",
            "region": "ap-southeast-1",
            "release_version": "1.33.4-20250915",
            "remote_access": [
              {
                "ec2_ssh_key": "vedantkey",
                "source_security_group_ids": [
                  "sg-0296516b4f842d648"
                ]
              }
            ],
            "resources": [
              {
                "autoscaling_groups": [
                  {
                    "name": "eks-vedant-node-group-94ccaeea-a130-d20c-b157-67710d1c08a7"
                  }
                ],
                "remote_access_security_group_id": "sg-0e90df6a718f3185a"
              }
            ],
            "scaling_config": [
              {
                "desired_size": 3,
                "max_size": 3,
                "min_size": 3
              }
            ],
            "status": "ACTIVE",
            "subnet_ids": [
              "subnet-06883a2e3837b1f34",
              "subnet-0ca5244ded15476d0"
            ],
            "tags": null,
            "tags_all": {},
            "taint": [],
            "timeouts": null,
            "update_config": [
              {
                "max_unavailable": 1,
                "max_unavailable_percentage": 0
              }
            ],
            "version": "1.33"
          },
          "sensitive_attributes": [],
          "identity_schema_version": 0,
          "private": "eyJlMmJmYjczMC1lY2FhLTExZTYtOGY4OC0zNDM2M2JjN2M0YzAiOnsiY3JlYXRlIjozNjAwMDAwMDAwMDAwLCJkZWxldGUiOjM2MDAwMDAwMDAwMDAsInVwZGF0ZSI6MzYwMDAwMDAwMDAwMH19",
          "dependencies": [
            "aws_eks_cluster.vedant",
            "aws_iam_role.vedant_cluster_role",
            "aws_iam_role.vedant_node_group_role",
            "aws_iam_role_policy_attachment.vedant_cluster_role_policy",
            "aws_iam_role_policy_attachment.vedant_node_group_cni_policy",
            "aws_iam_role_policy_attachment.vedant_node_group_registry_policy",
            "aws_iam_role_policy_attachment.vedant_node_group_role_policy",
            "aws_security_group.vedant_cluster_sg",
            "aws_security_group.vedant_node_sg",
            "aws_subnet.vedant_subnet",
            "aws_vpc.vedant_vpc"
          ]
        }
      ]
    },
    {
      "mode": "managed",
      "type": "aws_iam_role",
      "name": "vedant_cluster_role",
      "provider": "provider[\"registry.terraform.io/hashicorp/aws\"]",
      "instances": [
        {
          "schema_version": 0,
          "attributes": {
            "arn": "arn:aws:iam::414691912957:role/vedant-cluster-role",
            "assume_role_policy": "{\"Statement\":[{\"Action\":\"sts:AssumeRole\",\"Effect\":\"Allow\",\"Principal\":{\"Service\":\"eks.amazonaws.com\"}}],\"Version\":\"2012-10-17\"}",
            "create_date": "2025-09-18T17:09:55Z",
            "description": "",
            "force_detach_policies": false,
            "id": "vedant-cluster-role",
            "inline_policy": [],
            "managed_policy_arns": [],
            "max_session_duration": 3600,
            "name": "vedant-cluster-role",
            "name_prefix": "",
            "path": "/",
            "permissions_boundary": "",
            "tags": null,
            "tags_all": {},
            "unique_id": "AROAWBDMQNT62BWA63ON3"
          },
          "sensitive_attributes": [],
          "identity_schema_version": 0,
          "identity": {
            "account_id": "414691912957",
            "name": "vedant-cluster-role"
          },
          "private": "bnVsbA=="
        }
      ]
    },
    {
      "mode": "managed",
      "type": "aws_iam_role",
      "name": "vedant_node_group_role",
      "provider": "provider[\"registry.terraform.io/hashicorp/aws\"]",
      "instances": [
        {
          "schema_version": 0,
          "attributes": {
            "arn": "arn:aws:iam::414691912957:role/vedant-node-group-role",
            "assume_role_policy": "{\"Statement\":[{\"Action\":\"sts:AssumeRole\",\"Effect\":\"Allow\",\"Principal\":{\"Service\":\"ec2.amazonaws.com\"}}],\"Version\":\"2012-10-17\"}",
            "create_date": "2025-09-18T17:09:55Z",
            "description": "",
            "force_detach_policies": false,
            "id": "vedant-node-group-role",
            "inline_policy": [],
            "managed_policy_arns": [],
            "max_session_duration": 3600,
            "name": "vedant-node-group-role",
            "name_prefix": "",
            "path": "/",
            "permissions_boundary": "",
            "tags": null,
            "tags_all": {},
            "unique_id": "AROAWBDMQNT6V2PGGS3SW"
          },
          "sensitive_attributes": [],
          "identity_schema_version": 0,
          "identity": {
            "account_id": "414691912957",
            "name": "vedant-node-group-role"
          },
          "private": "bnVsbA=="
        }
      ]
    },
    {
      "mode": "managed",
      "type": "aws_iam_role_policy_attachment",
      "name": "vedant_cluster_role_policy",
      "provider": "provider[\"registry.terraform.io/hashicorp/aws\"]",
      "instances": [
        {
          "schema_version": 0,
          "attributes": {
            "id": "vedant-cluster-role/arn:aws:iam::aws:policy/AmazonEKSClusterPolicy",
            "policy_arn": "arn:aws:iam::aws:policy/AmazonEKSClusterPolicy",
            "role": "vedant-cluster-role"
          },
          "sensitive_attributes": [],
          "identity_schema_version": 0,
          "identity": {
            "account_id": "414691912957",
            "policy_arn": "arn:aws:iam::aws:policy/AmazonEKSClusterPolicy",
            "role": "vedant-cluster-role"
          },
          "private": "bnVsbA==",
          "dependencies": [
            "aws_iam_role.vedant_cluster_role"
          ]
        }
      ]
    },
    {
      "mode": "managed",
      "type": "aws_iam_role_policy_attachment",
      "name": "vedant_node_group_cni_policy",
      "provider": "provider[\"registry.terraform.io/hashicorp/aws\"]",
      "instances": [
        {
          "schema_version": 0,
          "attributes": {
            "id": "vedant-node-group-role/arn:aws:iam::aws:policy/AmazonEKS_CNI_Policy",
            "policy_arn": "arn:aws:iam::aws:policy/AmazonEKS_CNI_Policy",
            "role": "vedant-node-group-role"
          },
          "sensitive_attributes": [],
          "identity_schema_version": 0,
          "identity": {
            "account_id": "414691912957",
            "policy_arn": "arn:aws:iam::aws:policy/AmazonEKS_CNI_Policy",
            "role": "vedant-node-group-role"
          },
          "private": "bnVsbA==",
          "dependencies": [
            "aws_iam_role.vedant_node_group_role"
          ]
        }
      ]
    },
    {
      "mode": "managed",
      "type": "aws_iam_role_policy_attachment",
      "name": "vedant_node_group_registry_policy",
      "provider": "provider[\"registry.terraform.io/hashicorp/aws\"]",
      "instances": [
        {
          "schema_version": 0,
          "attributes": {
            "id": "vedant-node-group-role/arn:aws:iam::aws:policy/AmazonEC2ContainerRegistryReadOnly",
            "policy_arn": "arn:aws:iam::aws:policy/AmazonEC2ContainerRegistryReadOnly",
            "role": "vedant-node-group-role"
          },
          "sensitive_attributes": [],
          "identity_schema_version": 0,
          "identity": {
            "account_id": "414691912957",
            "policy_arn": "arn:aws:iam::aws:policy/AmazonEC2ContainerRegistryReadOnly",
            "role": "vedant-node-group-role"
          },
          "private": "bnVsbA==",
          "dependencies": [
            "aws_iam_role.vedant_node_group_role"
          ]
        }
      ]
    },
    {
      "mode": "managed",
      "type": "aws_iam_role_policy_attachment",
      "name": "vedant_node_group_role_policy",
      "provider": "provider[\"registry.terraform.io/hashicorp/aws\"]",
      "instances": [
        {
          "schema_version": 0,
          "attributes": {
            "id": "vedant-node-group-role/arn:aws:iam::aws:policy/AmazonEKSWorkerNodePolicy",
            "policy_arn": "arn:aws:iam::aws:policy/AmazonEKSWorkerNodePolicy",
            "role": "vedant-node-group-role"
          },
          "sensitive_attributes": [],
          "identity_schema_version": 0,
          "identity": {
            "account_id": "414691912957",
            "policy_arn": "arn:aws:iam::aws:policy/AmazonEKSWorkerNodePolicy",
            "role": "vedant-node-group-role"
          },
          "private": "bnVsbA==",
          "dependencies": [
            "aws_iam_role.vedant_node_group_role"
          ]
        }
      ]
    },
    {
      "mode": "managed",
      "type": "aws_internet_gateway",
      "name": "vedant_igw",
      "provider": "provider[\"registry.terraform.io/hashicorp/aws\"]",
      "instances": [
        {
          "schema_version": 0,
          "attributes": {
            "arn": "arn:aws:ec2:ap-southeast-1:414691912957:internet-gateway/igw-059e54b6ca930d3fe",
            "id": "igw-059e54b6ca930d3fe",
            "owner_id": "414691912957",
            "region": "ap-southeast-1",
            "tags": {
              "Name": "vedant-igw"
            },
            "tags_all": {
              "Name": "vedant-igw"
            },
            "timeouts": null,
            "vpc_id": "vpc-08bb09a1a10ddb481"
          },
          "sensitive_attributes": [],
          "identity_schema_version": 0,
          "private": "eyJlMmJmYjczMC1lY2FhLTExZTYtOGY4OC0zNDM2M2JjN2M0YzAiOnsiY3JlYXRlIjoxMjAwMDAwMDAwMDAwLCJkZWxldGUiOjEyMDAwMDAwMDAwMDAsInVwZGF0ZSI6MTIwMDAwMDAwMDAwMH19",
          "dependencies": [
            "aws_vpc.vedant_vpc"
          ]
        }
      ]
    },
    {
      "mode": "managed",
      "type": "aws_route_table",
      "name": "vedant_route_table",
      "provider": "provider[\"registry.terraform.io/hashicorp/aws\"]",
      "instances": [
        {
          "schema_version": 0,
          "attributes": {
            "arn": "arn:aws:ec2:ap-southeast-1:414691912957:route-table/rtb-0aa9c0fbc5a49e9f3",
            "id": "rtb-0aa9c0fbc5a49e9f3",
            "owner_id": "414691912957",
            "propagating_vgws": [],
            "region": "ap-southeast-1",
            "route": [
              {
                "carrier_gateway_id": "",
                "cidr_block": "0.0.0.0/0",
                "core_network_arn": "",
                "destination_prefix_list_id": "",
                "egress_only_gateway_id": "",
                "gateway_id": "igw-059e54b6ca930d3fe",
                "ipv6_cidr_block": "",
                "local_gateway_id": "",
                "nat_gateway_id": "",
                "network_interface_id": "",
                "transit_gateway_id": "",
                "vpc_endpoint_id": "",
                "vpc_peering_connection_id": ""
              }
            ],
            "tags": {
              "Name": "vedant-route-table"
            },
            "tags_all": {
              "Name": "vedant-route-table"
            },
            "timeouts": null,
            "vpc_id": "vpc-08bb09a1a10ddb481"
          },
          "sensitive_attributes": [],
          "identity_schema_version": 0,
          "identity": {
            "account_id": "414691912957",
            "id": "rtb-0aa9c0fbc5a49e9f3",
            "region": "ap-southeast-1"
          },
          "private": "eyJlMmJmYjczMC1lY2FhLTExZTYtOGY4OC0zNDM2M2JjN2M0YzAiOnsiY3JlYXRlIjozMDAwMDAwMDAwMDAsImRlbGV0ZSI6MzAwMDAwMDAwMDAwLCJ1cGRhdGUiOjEyMDAwMDAwMDAwMH19",
          "dependencies": [
            "aws_internet_gateway.vedant_igw",
            "aws_vpc.vedant_vpc"
          ]
        }
      ]
    },
    {
      "mode": "managed",
      "type": "aws_route_table_association",
      "name": "vedant_rt_assoc",
      "provider": "provider[\"registry.terraform.io/hashicorp/aws\"]",
      "instances": [
        {
          "index_key": 0,
          "schema_version": 0,
          "attributes": {
            "gateway_id": "",
            "id": "rtbassoc-0e0dd2561b1db667e",
            "region": "ap-southeast-1",
            "route_table_id": "rtb-0aa9c0fbc5a49e9f3",
            "subnet_id": "subnet-06883a2e3837b1f34",
            "timeouts": null
          },
          "sensitive_attributes": [],
          "identity_schema_version": 0,
          "private": "eyJlMmJmYjczMC1lY2FhLTExZTYtOGY4OC0zNDM2M2JjN2M0YzAiOnsiY3JlYXRlIjozMDAwMDAwMDAwMDAsImRlbGV0ZSI6MzAwMDAwMDAwMDAwLCJ1cGRhdGUiOjEyMDAwMDAwMDAwMH19",
          "dependencies": [
            "aws_internet_gateway.vedant_igw",
            "aws_route_table.vedant_route_table",
            "aws_subnet.vedant_subnet",
            "aws_vpc.vedant_vpc"
          ]
        },
        {
          "index_key": 1,
          "schema_version": 0,
          "attributes": {
            "gateway_id": "",
            "id": "rtbassoc-0b167e11f6a5a57a2",
            "region": "ap-southeast-1",
            "route_table_id": "rtb-0aa9c0fbc5a49e9f3",
            "subnet_id": "subnet-0ca5244ded15476d0",
            "timeouts": null
          },
          "sensitive_attributes": [],
          "identity_schema_version": 0,
          "private": "eyJlMmJmYjczMC1lY2FhLTExZTYtOGY4OC0zNDM2M2JjN2M0YzAiOnsiY3JlYXRlIjozMDAwMDAwMDAwMDAsImRlbGV0ZSI6MzAwMDAwMDAwMDAwLCJ1cGRhdGUiOjEyMDAwMDAwMDAwMH19",
          "dependencies": [
            "aws_internet_gateway.vedant_igw",
            "aws_route_table.vedant_route_table",
            "aws_subnet.vedant_subnet",
            "aws_vpc.vedant_vpc"
          ]
        }
      ]
    },
    {
      "mode": "managed",
      "type": "aws_security_group",
      "name": "vedant_cluster_sg",
      "provider": "provider[\"registry.terraform.io/hashicorp/aws\"]",
      "instances": [
        {
          "schema_version": 1,
          "attributes": {
            "arn": "arn:aws:ec2:ap-southeast-1:414691912957:security-group/sg-08f38f7809b5b254a",
            "description": "Cluster control-plane SG - egress open",
            "egress": [
              {
                "cidr_blocks": [
                  "0.0.0.0/0"
                ],
                "description": "",
                "from_port": 0,
                "ipv6_cidr_blocks": [],
                "prefix_list_ids": [],
                "protocol": "-1",
                "security_groups": [],
                "self": false,
                "to_port": 0
              }
            ],
            "id": "sg-08f38f7809b5b254a",
            "ingress": [],
            "name": "vedant-cluster-sg",
            "name_prefix": "",
            "owner_id": "414691912957",
            "region": "ap-southeast-1",
            "revoke_rules_on_delete": false,
            "tags": {
              "Name": "vedant-cluster-sg"
            },
            "tags_all": {
              "Name": "vedant-cluster-sg"
            },
            "timeouts": null,
            "vpc_id": "vpc-08bb09a1a10ddb481"
          },
          "sensitive_attributes": [],
          "identity_schema_version": 0,
          "identity": {
            "account_id": "414691912957",
            "id": "sg-08f38f7809b5b254a",
            "region": "ap-southeast-1"
          },
          "private": "eyJlMmJmYjczMC1lY2FhLTExZTYtOGY4OC0zNDM2M2JjN2M0YzAiOnsiY3JlYXRlIjo2MDAwMDAwMDAwMDAsImRlbGV0ZSI6OTAwMDAwMDAwMDAwfSwic2NoZW1hX3ZlcnNpb24iOiIxIn0=",
          "dependencies": [
            "aws_vpc.vedant_vpc"
          ]
        }
      ]
    },
    {
      "mode": "managed",
      "type": "aws_security_group",
      "name": "vedant_node_sg",
      "provider": "provider[\"registry.terraform.io/hashicorp/aws\"]",
      "instances": [
        {
          "schema_version": 1,
          "attributes": {
            "arn": "arn:aws:ec2:ap-southeast-1:414691912957:security-group/sg-0296516b4f842d648",
            "description": "Node group SG - all traffic (adjust for production)",
            "egress": [
              {
                "cidr_blocks": [
                  "0.0.0.0/0"
                ],
                "description": "",
                "from_port": 0,
                "ipv6_cidr_blocks": [],
                "prefix_list_ids": [],
                "protocol": "-1",
                "security_groups": [],
                "self": false,
                "to_port": 0
              }
            ],
            "id": "sg-0296516b4f842d648",
            "ingress": [
              {
                "cidr_blocks": [
                  "0.0.0.0/0"
                ],
                "description": "",
                "from_port": 0,
                "ipv6_cidr_blocks": [],
                "prefix_list_ids": [],
                "protocol": "-1",
                "security_groups": [],
                "self": false,
                "to_port": 0
              }
            ],
            "name": "vedant-node-sg",
            "name_prefix": "",
            "owner_id": "414691912957",
            "region": "ap-southeast-1",
            "revoke_rules_on_delete": false,
            "tags": {
              "Name": "vedant-node-sg"
            },
            "tags_all": {
              "Name": "vedant-node-sg"
            },
            "timeouts": null,
            "vpc_id": "vpc-08bb09a1a10ddb481"
          },
          "sensitive_attributes": [],
          "identity_schema_version": 0,
          "identity": {
            "account_id": "414691912957",
            "id": "sg-0296516b4f842d648",
            "region": "ap-southeast-1"
          },
          "private": "eyJlMmJmYjczMC1lY2FhLTExZTYtOGY4OC0zNDM2M2JjN2M0YzAiOnsiY3JlYXRlIjo2MDAwMDAwMDAwMDAsImRlbGV0ZSI6OTAwMDAwMDAwMDAwfSwic2NoZW1hX3ZlcnNpb24iOiIxIn0=",
          "dependencies": [
            "aws_vpc.vedant_vpc"
          ]
        }
      ]
    },
    {
      "mode": "managed",
      "type": "aws_subnet",
      "name": "vedant_subnet",
      "provider": "provider[\"registry.terraform.io/hashicorp/aws\"]",
      "instances": [
        {
          "index_key": 0,
          "schema_version": 1,
          "attributes": {
            "arn": "arn:aws:ec2:ap-southeast-1:414691912957:subnet/subnet-06883a2e3837b1f34",
            "assign_ipv6_address_on_creation": false,
            "availability_zone": "ap-southeast-1a",
            "availability_zone_id": "apse1-az2",
            "cidr_block": "10.0.0.0/24",
            "customer_owned_ipv4_pool": "",
            "enable_dns64": false,
            "enable_lni_at_device_index": 0,
            "enable_resource_name_dns_a_record_on_launch": false,
            "enable_resource_name_dns_aaaa_record_on_launch": false,
            "id": "subnet-06883a2e3837b1f34",
            "ipv6_cidr_block": "",
            "ipv6_cidr_block_association_id": "",
            "ipv6_native": false,
            "map_customer_owned_ip_on_launch": false,
            "map_public_ip_on_launch": true,
            "outpost_arn": "",
            "owner_id": "414691912957",
            "private_dns_hostname_type_on_launch": "ip-name",
            "region": "ap-southeast-1",
            "tags": {
              "Name": "vedant-subnet-0"
            },
            "tags_all": {
              "Name": "vedant-subnet-0"
            },
            "timeouts": null,
            "vpc_id": "vpc-08bb09a1a10ddb481"
          },
          "sensitive_attributes": [],
          "identity_schema_version": 0,
          "identity": {
            "account_id": "414691912957",
            "id": "subnet-06883a2e3837b1f34",
            "region": "ap-southeast-1"
          },
          "private": "eyJlMmJmYjczMC1lY2FhLTExZTYtOGY4OC0zNDM2M2JjN2M0YzAiOnsiY3JlYXRlIjo2MDAwMDAwMDAwMDAsImRlbGV0ZSI6MTIwMDAwMDAwMDAwMH0sInNjaGVtYV92ZXJzaW9uIjoiMSJ9",
          "dependencies": [
            "aws_vpc.vedant_vpc"
          ]
        },
        {
          "index_key": 1,
          "schema_version": 1,
          "attributes": {
            "arn": "arn:aws:ec2:ap-southeast-1:414691912957:subnet/subnet-0ca5244ded15476d0",
            "assign_ipv6_address_on_creation": false,
            "availability_zone": "ap-southeast-1b",
            "availability_zone_id": "apse1-az1",
            "cidr_block": "10.0.1.0/24",
            "customer_owned_ipv4_pool": "",
            "enable_dns64": false,
            "enable_lni_at_device_index": 0,
            "enable_resource_name_dns_a_record_on_launch": false,
            "enable_resource_name_dns_aaaa_record_on_launch": false,
            "id": "subnet-0ca5244ded15476d0",
            "ipv6_cidr_block": "",
            "ipv6_cidr_block_association_id": "",
            "ipv6_native": false,
            "map_customer_owned_ip_on_launch": false,
            "map_public_ip_on_launch": true,
            "outpost_arn": "",
            "owner_id": "414691912957",
            "private_dns_hostname_type_on_launch": "ip-name",
            "region": "ap-southeast-1",
            "tags": {
              "Name": "vedant-subnet-1"
            },
            "tags_all": {
              "Name": "vedant-subnet-1"
            },
            "timeouts": null,
            "vpc_id": "vpc-08bb09a1a10ddb481"
          },
          "sensitive_attributes": [],
          "identity_schema_version": 0,
          "identity": {
            "account_id": "414691912957",
            "id": "subnet-0ca5244ded15476d0",
            "region": "ap-southeast-1"
          },
          "private": "eyJlMmJmYjczMC1lY2FhLTExZTYtOGY4OC0zNDM2M2JjN2M0YzAiOnsiY3JlYXRlIjo2MDAwMDAwMDAwMDAsImRlbGV0ZSI6MTIwMDAwMDAwMDAwMH0sInNjaGVtYV92ZXJzaW9uIjoiMSJ9",
          "dependencies": [
            "aws_vpc.vedant_vpc"
          ]
        }
      ]
    },
    {
      "mode": "managed",
      "type": "aws_vpc",
      "name": "vedant_vpc",
      "provider": "provider[\"registry.terraform.io/hashicorp/aws\"]",
      "instances": [
        {
          "schema_version": 1,
          "attributes": {
            "arn": "arn:aws:ec2:ap-southeast-1:414691912957:vpc/vpc-08bb09a1a10ddb481",
            "assign_generated_ipv6_cidr_block": false,
            "cidr_block": "10.0.0.0/16",
            "default_network_acl_id": "acl-02b0b193afa6fb367",
            "default_route_table_id": "rtb-0915e2fdef4ba2ec8",
            "default_security_group_id": "sg-0773ee8a1ab776ce1",
            "dhcp_options_id": "dopt-04e7e0b0ebbbef231",
            "enable_dns_hostnames": false,
            "enable_dns_support": true,
            "enable_network_address_usage_metrics": false,
            "id": "vpc-08bb09a1a10ddb481",
            "instance_tenancy": "default",
            "ipv4_ipam_pool_id": null,
            "ipv4_netmask_length": null,
            "ipv6_association_id": "",
            "ipv6_cidr_block": "",
            "ipv6_cidr_block_network_border_group": "",
            "ipv6_ipam_pool_id": "",
            "ipv6_netmask_length": 0,
            "main_route_table_id": "rtb-0915e2fdef4ba2ec8",
            "owner_id": "414691912957",
            "region": "ap-southeast-1",
            "tags": {
              "Name": "vedant-vpc"
            },
            "tags_all": {
              "Name": "vedant-vpc"
            }
          },
          "sensitive_attributes": [],
          "identity_schema_version": 0,
          "private": "eyJzY2hlbWFfdmVyc2lvbiI6IjEifQ=="
        }
      ]
    }
  ],
  "check_results": null
}
